{
  "requires": true,
  "lockfileVersion": 1,
  "dependencies": {
    "jquerry": {
      "version": "2.0.0",
      "resolved": "https://registry.npmjs.org/jquerry/-/jquerry-2.0.0.tgz",
      "integrity": "sha512-qrCMvYRvaJYT4ht0NoYriqNW17bA2x0O7UsnHOXATtf/bw4eMpnjz4nq2AgmpSwbMhVCqxd5sl14Snzu50JlYQ=="
    }
  }
}
